// !$*UTF8*$!
{
	archiveVersion = 1;
	classes = {
	};
	objectVersion = 50;
	objects = {

/* Begin PBXBuildFile section */
		421F6CB22803ECE00020FE71 /* LearnWordleTests.swift in Sources */ = {isa = PBXBuildFile; fileRef = 421F6CB12803ECE00020FE71 /* LearnWordleTests.swift */; };
		4288CFDA27DCD42600316D96 /* AppDelegate.swift in Sources */ = {isa = PBXBuildFile; fileRef = 4288CFD927DCD42600316D96 /* AppDelegate.swift */; };
		4288CFDC27DCD42600316D96 /* SceneDelegate.swift in Sources */ = {isa = PBXBuildFile; fileRef = 4288CFDB27DCD42600316D96 /* SceneDelegate.swift */; };
		4288CFE127DCD42600316D96 /* Main.storyboard in Resources */ = {isa = PBXBuildFile; fileRef = 4288CFDF27DCD42600316D96 /* Main.storyboard */; };
		4288CFE327DCD42F00316D96 /* Assets.xcassets in Resources */ = {isa = PBXBuildFile; fileRef = 4288CFE227DCD42F00316D96 /* Assets.xcassets */; };
		4288CFE627DCD42F00316D96 /* LaunchScreen.storyboard in Resources */ = {isa = PBXBuildFile; fileRef = 4288CFE427DCD42F00316D96 /* LaunchScreen.storyboard */; };
		4288D00227DD030900316D96 /* KeyboardViewController.swift in Sources */ = {isa = PBXBuildFile; fileRef = 4288D00127DD030900316D96 /* KeyboardViewController.swift */; };
		4288D00627DD032100316D96 /* BoardViewController.swift in Sources */ = {isa = PBXBuildFile; fileRef = 4288D00527DD032100316D96 /* BoardViewController.swift */; };
		4288D00B27DD077800316D96 /* ViewController.swift in Sources */ = {isa = PBXBuildFile; fileRef = 4288D00A27DD077800316D96 /* ViewController.swift */; };
		42A4E19527DDB08300D8B37D /* KeyCell.swift in Sources */ = {isa = PBXBuildFile; fileRef = 42A4E19327DDB08300D8B37D /* KeyCell.swift */; };
/* End PBXBuildFile section */

/* Begin PBXContainerItemProxy section */
		421F6CB42803ECE00020FE71 /* PBXContainerItemProxy */ = {
			isa = PBXContainerItemProxy;
			containerPortal = 4288CFCE27DCD42600316D96 /* Project object */;
			proxyType = 1;
			remoteGlobalIDString = 4288CFD527DCD42600316D96;
			remoteInfo = LearnWordle;
		};
/* End PBXContainerItemProxy section */

/* Begin PBXFileReference section */
		421F6CAF2803ECE00020FE71 /* LearnWordleTests.xctest */ = {isa = PBXFileReference; explicitFileType = wrapper.cfbundle; includeInIndex = 0; path = LearnWordleTests.xctest; sourceTree = BUILT_PRODUCTS_DIR; };
		421F6CB12803ECE00020FE71 /* LearnWordleTests.swift */ = {isa = PBXFileReference; lastKnownFileType = sourcecode.swift; path = LearnWordleTests.swift; sourceTree = "<group>"; };
		421F6CB32803ECE00020FE71 /* Info.plist */ = {isa = PBXFileReference; lastKnownFileType = text.plist.xml; path = Info.plist; sourceTree = "<group>"; };
		4288CFD627DCD42600316D96 /* LearnWordle.app */ = {isa = PBXFileReference; explicitFileType = wrapper.application; includeInIndex = 0; path = LearnWordle.app; sourceTree = BUILT_PRODUCTS_DIR; };
		4288CFD927DCD42600316D96 /* AppDelegate.swift */ = {isa = PBXFileReference; lastKnownFileType = sourcecode.swift; path = AppDelegate.swift; sourceTree = "<group>"; };
		4288CFDB27DCD42600316D96 /* SceneDelegate.swift */ = {isa = PBXFileReference; lastKnownFileType = sourcecode.swift; path = SceneDelegate.swift; sourceTree = "<group>"; };
		4288CFE027DCD42600316D96 /* Base */ = {isa = PBXFileReference; lastKnownFileType = file.storyboard; name = Base; path = Base.lproj/Main.storyboard; sourceTree = "<group>"; };
		4288CFE227DCD42F00316D96 /* Assets.xcassets */ = {isa = PBXFileReference; lastKnownFileType = folder.assetcatalog; path = Assets.xcassets; sourceTree = "<group>"; };
		4288CFE527DCD42F00316D96 /* Base */ = {isa = PBXFileReference; lastKnownFileType = file.storyboard; name = Base; path = Base.lproj/LaunchScreen.storyboard; sourceTree = "<group>"; };
		4288CFE727DCD42F00316D96 /* Info.plist */ = {isa = PBXFileReference; lastKnownFileType = text.plist.xml; path = Info.plist; sourceTree = "<group>"; };
		4288D00127DD030900316D96 /* KeyboardViewController.swift */ = {isa = PBXFileReference; lastKnownFileType = sourcecode.swift; path = KeyboardViewController.swift; sourceTree = "<group>"; };
		4288D00527DD032100316D96 /* BoardViewController.swift */ = {isa = PBXFileReference; lastKnownFileType = sourcecode.swift; path = BoardViewController.swift; sourceTree = "<group>"; };
		4288D00A27DD077800316D96 /* ViewController.swift */ = {isa = PBXFileReference; lastKnownFileType = sourcecode.swift; path = ViewController.swift; sourceTree = "<group>"; };
		42A4E19327DDB08300D8B37D /* KeyCell.swift */ = {isa = PBXFileReference; lastKnownFileType = sourcecode.swift; path = KeyCell.swift; sourceTree = "<group>"; };
/* End PBXFileReference section */

/* Begin PBXFrameworksBuildPhase section */
		421F6CAC2803ECE00020FE71 /* Frameworks */ = {
			isa = PBXFrameworksBuildPhase;
			buildActionMask = 2147483647;
			files = (
			);
			runOnlyForDeploymentPostprocessing = 0;
		};
		4288CFD327DCD42600316D96 /* Frameworks */ = {
			isa = PBXFrameworksBuildPhase;
			buildActionMask = 2147483647;
			files = (
			);
			runOnlyForDeploymentPostprocessing = 0;
		};
/* End PBXFrameworksBuildPhase section */

/* Begin PBXGroup section */
		421F6CB02803ECE00020FE71 /* LearnWordleTests */ = {
			isa = PBXGroup;
			children = (
				421F6CB12803ECE00020FE71 /* LearnWordleTests.swift */,
				421F6CB32803ECE00020FE71 /* Info.plist */,
			);
			path = LearnWordleTests;
			sourceTree = "<group>";
		};
		4288CFCD27DCD42600316D96 = {
			isa = PBXGroup;
			children = (
				4288CFD827DCD42600316D96 /* LearnWordle */,
				421F6CB02803ECE00020FE71 /* LearnWordleTests */,
				4288CFD727DCD42600316D96 /* Products */,
			);
			sourceTree = "<group>";
		};
		4288CFD727DCD42600316D96 /* Products */ = {
			isa = PBXGroup;
			children = (
				4288CFD627DCD42600316D96 /* LearnWordle.app */,
				421F6CAF2803ECE00020FE71 /* LearnWordleTests.xctest */,
			);
			name = Products;
			sourceTree = "<group>";
		};
		4288CFD827DCD42600316D96 /* LearnWordle */ = {
			isa = PBXGroup;
			children = (
				4288CFE727DCD42F00316D96 /* Info.plist */,
				4288D00027DD026000316D96 /* Other */,
				4288CFED27DCD43F00316D96 /* Core */,
				4288D00A27DD077800316D96 /* ViewController.swift */,
			);
			path = LearnWordle;
			sourceTree = "<group>";
		};
		4288CFED27DCD43F00316D96 /* Core */ = {
			isa = PBXGroup;
			children = (
				4288D00127DD030900316D96 /* KeyboardViewController.swift */,
				4288D00527DD032100316D96 /* BoardViewController.swift */,
				42A4E19327DDB08300D8B37D /* KeyCell.swift */,
			);
			path = Core;
			sourceTree = "<group>";
		};
		4288D00027DD026000316D96 /* Other */ = {
			isa = PBXGroup;
			children = (
				4288CFD927DCD42600316D96 /* AppDelegate.swift */,
				4288CFDB27DCD42600316D96 /* SceneDelegate.swift */,
				4288CFDF27DCD42600316D96 /* Main.storyboard */,
				4288CFE227DCD42F00316D96 /* Assets.xcassets */,
				4288CFE427DCD42F00316D96 /* LaunchScreen.storyboard */,
			);
			path = Other;
			sourceTree = "<group>";
		};
/* End PBXGroup section */

/* Begin PBXNativeTarget section */
		421F6CAE2803ECE00020FE71 /* LearnWordleTests */ = {
			isa = PBXNativeTarget;
			buildConfigurationList = 421F6CB82803ECE00020FE71 /* Build configuration list for PBXNativeTarget "LearnWordleTests" */;
			buildPhases = (
				421F6CAB2803ECE00020FE71 /* Sources */,
				421F6CAC2803ECE00020FE71 /* Frameworks */,
				421F6CAD2803ECE00020FE71 /* Resources */,
			);
			buildRules = (
			);
			dependencies = (
				421F6CB52803ECE00020FE71 /* PBXTargetDependency */,
			);
			name = LearnWordleTests;
			productName = LearnWordleTests;
			productReference = 421F6CAF2803ECE00020FE71 /* LearnWordleTests.xctest */;
			productType = "com.apple.product-type.bundle.unit-test";
		};
		4288CFD527DCD42600316D96 /* LearnWordle */ = {
			isa = PBXNativeTarget;
			buildConfigurationList = 4288CFEA27DCD42F00316D96 /* Build configuration list for PBXNativeTarget "LearnWordle" */;
			buildPhases = (
				4288CFD227DCD42600316D96 /* Sources */,
				4288CFD327DCD42600316D96 /* Frameworks */,
				4288CFD427DCD42600316D96 /* Resources */,
			);
			buildRules = (
			);
			dependencies = (
			);
			name = LearnWordle;
			productName = LearnWordle;
			productReference = 4288CFD627DCD42600316D96 /* LearnWordle.app */;
			productType = "com.apple.product-type.application";
		};
/* End PBXNativeTarget section */

/* Begin PBXProject section */
		4288CFCE27DCD42600316D96 /* Project object */ = {
			isa = PBXProject;
			attributes = {
				LastSwiftUpdateCheck = 1240;
				LastUpgradeCheck = 1240;
				TargetAttributes = {
					421F6CAE2803ECE00020FE71 = {
						CreatedOnToolsVersion = 12.4;
						TestTargetID = 4288CFD527DCD42600316D96;
					};
					4288CFD527DCD42600316D96 = {
						CreatedOnToolsVersion = 12.4;
					};
				};
			};
			buildConfigurationList = 4288CFD127DCD42600316D96 /* Build configuration list for PBXProject "LearnWordle" */;
			compatibilityVersion = "Xcode 9.3";
			developmentRegion = en;
			hasScannedForEncodings = 0;
			knownRegions = (
				en,
				Base,
			);
			mainGroup = 4288CFCD27DCD42600316D96;
			productRefGroup = 4288CFD727DCD42600316D96 /* Products */;
			projectDirPath = "";
			projectRoot = "";
			targets = (
				4288CFD527DCD42600316D96 /* LearnWordle */,
				421F6CAE2803ECE00020FE71 /* LearnWordleTests */,
			);
		};
/* End PBXProject section */

/* Begin PBXResourcesBuildPhase section */
		421F6CAD2803ECE00020FE71 /* Resources */ = {
			isa = PBXResourcesBuildPhase;
			buildActionMask = 2147483647;
			files = (
			);
			runOnlyForDeploymentPostprocessing = 0;
		};
		4288CFD427DCD42600316D96 /* Resources */ = {
			isa = PBXResourcesBuildPhase;
			buildActionMask = 2147483647;
			files = (
				4288CFE627DCD42F00316D96 /* LaunchScreen.storyboard in Resources */,
				4288CFE327DCD42F00316D96 /* Assets.xcassets in Resources */,
				4288CFE127DCD42600316D96 /* Main.storyboard in Resources */,
			);
			runOnlyForDeploymentPostprocessing = 0;
		};
/* End PBXResourcesBuildPhase section */

/* Begin PBXSourcesBuildPhase section */
		421F6CAB2803ECE00020FE71 /* Sources */ = {
			isa = PBXSourcesBuildPhase;
			buildActionMask = 2147483647;
			files = (
				421F6CB22803ECE00020FE71 /* LearnWordleTests.swift in Sources */,
			);
			runOnlyForDeploymentPostprocessing = 0;
		};
		4288CFD227DCD42600316D96 /* Sources */ = {
			isa = PBXSourcesBuildPhase;
			buildActionMask = 2147483647;
			files = (
				4288D00B27DD077800316D96 /* ViewController.swift in Sources */,
				4288CFDA27DCD42600316D96 /* AppDelegate.swift in Sources */,
				4288CFDC27DCD42600316D96 /* SceneDelegate.swift in Sources */,
				42A4E19527DDB08300D8B37D /* KeyCell.swift in Sources */,
				4288D00227DD030900316D96 /* KeyboardViewController.swift in Sources */,
				4288D00627DD032100316D96 /* BoardViewController.swift in Sources */,
			);
			runOnlyForDeploymentPostprocessing = 0;
		};
/* End PBXSourcesBuildPhase section */

/* Begin PBXTargetDependency section */
		421F6CB52803ECE00020FE71 /* PBXTargetDependency */ = {
			isa = PBXTargetDependency;
			target = 4288CFD527DCD42600316D96 /* LearnWordle */;
			targetProxy = 421F6CB42803ECE00020FE71 /* PBXContainerItemProxy */;
		};
/* End PBXTargetDependency section */

/* Begin PBXVariantGroup section */
		4288CFDF27DCD42600316D96 /* Main.storyboard */ = {
			isa = PBXVariantGroup;
			children = (
				4288CFE027DCD42600316D96 /* Base */,
			);
			name = Main.storyboard;
			sourceTree = "<group>";
		};
		4288CFE427DCD42F00316D96 /* LaunchScreen.storyboard */ = {
			isa = PBXVariantGroup;
			children = (
				4288CFE527DCD42F00316D96 /* Base */,
			);
			name = LaunchScreen.storyboard;
			sourceTree = "<group>";
		};
/* End PBXVariantGroup section */

/* Begin XCBuildConfiguration section */
		421F6CB62803ECE00020FE71 /* Debug */ = {
			isa = XCBuildConfiguration;
			buildSettings = {
				BUNDLE_LOADER = "$(TEST_HOST)";
				CODE_SIGN_STYLE = Automatic;
				DEVELOPMENT_TEAM = AAU9QPH2F2;
				INFOPLIST_FILE = LearnWordleTests/Info.plist;
				LD_RUNPATH_SEARCH_PATHS = (
					"$(inherited)",
					"@executable_path/Frameworks",
					"@loader_path/Frameworks",
				);
				PRODUCT_BUNDLE_IDENTIFIER = HieuTong.LearnWordleTests;
				PRODUCT_NAME = "$(TARGET_NAME)";
				SWIFT_VERSION = 5.0;
				TARGETED_DEVICE_FAMILY = "1,2";
				TEST_HOST = "$(BUILT_PRODUCTS_DIR)/LearnWordle.app/LearnWordle";
			};
			name = Debug;
		};
		421F6CB72803ECE00020FE71 /* Release */ = {
			isa = XCBuildConfiguration;
			buildSettings = {
				BUNDLE_LOADER = "$(TEST_HOST)";
				CODE_SIGN_STYLE = Automatic;
				DEVELOPMENT_TEAM = AAU9QPH2F2;
				INFOPLIST_FILE = LearnWordleTests/Info.plist;
				LD_RUNPATH_SEARCH_PATHS = (
					"$(inherited)",
					"@executable_path/Frameworks",
					"@loader_path/Frameworks",
				);
				PRODUCT_BUNDLE_IDENTIFIER = HieuTong.LearnWordleTests;
				PRODUCT_NAME = "$(TARGET_NAME)";
				SWIFT_VERSION = 5.0;
				TARGETED_DEVICE_FAMILY = "1,2";
				TEST_HOST = "$(BUILT_PRODUCTS_DIR)/LearnWordle.app/LearnWordle";
			};
			name = Release;
		};
		4288CFE827DCD42F00316D96 /* Debug */ = {
			isa = XCBuildConfiguration;
			buildSettings = {
				ALWAYS_SEARCH_USER_PATHS = NO;
				CLANG_ANALYZER_NONNULL = YES;
				CLANG_ANALYZER_NUMBER_OBJECT_CONVERSION = YES_AGGRESSIVE;
				CLANG_CXX_LANGUAGE_STANDARD = "gnu++14";
				CLANG_CXX_LIBRARY = "libc++";
				CLANG_ENABLE_MODULES = YES;
				CLANG_ENABLE_OBJC_ARC = YES;
				CLANG_ENABLE_OBJC_WEAK = YES;
				CLANG_WARN_BLOCK_CAPTURE_AUTORELEASING = YES;
				CLANG_WARN_BOOL_CONVERSION = YES;
				CLANG_WARN_COMMA = YES;
				CLANG_WARN_CONSTANT_CONVERSION = YES;
				CLANG_WARN_DEPRECATED_OBJC_IMPLEMENTATIONS = YES;
				CLANG_WARN_DIRECT_OBJC_ISA_USAGE = YES_ERROR;
				CLANG_WARN_DOCUMENTATION_COMMENTS = YES;
				CLANG_WARN_EMPTY_BODY = YES;
				CLANG_WARN_ENUM_CONVERSION = YES;
				CLANG_WARN_INFINITE_RECURSION = YES;
				CLANG_WARN_INT_CONVERSION = YES;
				CLANG_WARN_NON_LITERAL_NULL_CONVERSION = YES;
				CLANG_WARN_OBJC_IMPLICIT_RETAIN_SELF = YES;
				CLANG_WARN_OBJC_LITERAL_CONVERSION = YES;
				CLANG_WARN_OBJC_ROOT_CLASS = YES_ERROR;
				CLANG_WARN_QUOTED_INCLUDE_IN_FRAMEWORK_HEADER = YES;
				CLANG_WARN_RANGE_LOOP_ANALYSIS = YES;
				CLANG_WARN_STRICT_PROTOTYPES = YES;
				CLANG_WARN_SUSPICIOUS_MOVE = YES;
				CLANG_WARN_UNGUARDED_AVAILABILITY = YES_AGGRESSIVE;
				CLANG_WARN_UNREACHABLE_CODE = YES;
				CLANG_WARN__DUPLICATE_METHOD_MATCH = YES;
				COPY_PHASE_STRIP = NO;
				DEBUG_INFORMATION_FORMAT = dwarf;
				ENABLE_STRICT_OBJC_MSGSEND = YES;
				ENABLE_TESTABILITY = YES;
				GCC_C_LANGUAGE_STANDARD = gnu11;
				GCC_DYNAMIC_NO_PIC = NO;
				GCC_NO_COMMON_BLOCKS = YES;
				GCC_OPTIMIZATION_LEVEL = 0;
				GCC_PREPROCESSOR_DEFINITIONS = (
					"DEBUG=1",
					"$(inherited)",
				);
				GCC_WARN_64_TO_32_BIT_CONVERSION = YES;
				GCC_WARN_ABOUT_RETURN_TYPE = YES_ERROR;
				GCC_WARN_UNDECLARED_SELECTOR = YES;
				GCC_WARN_UNINITIALIZED_AUTOS = YES_AGGRESSIVE;
				GCC_WARN_UNUSED_FUNCTION = YES;
				GCC_WARN_UNUSED_VARIABLE = YES;
				IPHONEOS_DEPLOYMENT_TARGET = 14.4;
				MTL_ENABLE_DEBUG_INFO = INCLUDE_SOURCE;
				MTL_FAST_MATH = YES;
				ONLY_ACTIVE_ARCH = YES;
				SDKROOT = iphoneos;
				SWIFT_ACTIVE_COMPILATION_CONDITIONS = DEBUG;
				SWIFT_OPTIMIZATION_LEVEL = "-Onone";
			};
			name = Debug;
		};
		4288CFE927DCD42F00316D96 /* Release */ = {
			isa = XCBuildConfiguration;
			buildSettings = {
				ALWAYS_SEARCH_USER_PATHS = NO;
				CLANG_ANALYZER_NONNULL = YES;
				CLANG_ANALYZER_NUMBER_OBJECT_CONVERSION = YES_AGGRESSIVE;
				CLANG_CXX_LANGUAGE_STANDARD = "gnu++14";
				CLANG_CXX_LIBRARY = "libc++";
				CLANG_ENABLE_MODULES = YES;
				CLANG_ENABLE_OBJC_ARC = YES;
				CLANG_ENABLE_OBJC_WEAK = YES;
				CLANG_WARN_BLOCK_CAPTURE_AUTORELEASING = YES;
				CLANG_WARN_BOOL_CONVERSION = YES;
				CLANG_WARN_COMMA = YES;
				CLANG_WARN_CONSTANT_CONVERSION = YES;
				CLANG_WARN_DEPRECATED_OBJC_IMPLEMENTATIONS = YES;
				CLANG_WARN_DIRECT_OBJC_ISA_USAGE = YES_ERROR;
				CLANG_WARN_DOCUMENTATION_COMMENTS = YES;
				CLANG_WARN_EMPTY_BODY = YES;
				CLANG_WARN_ENUM_CONVERSION = YES;
				CLANG_WARN_INFINITE_RECURSION = YES;
				CLANG_WARN_INT_CONVERSION = YES;
				CLANG_WARN_NON_LITERAL_NULL_CONVERSION = YES;
				CLANG_WARN_OBJC_IMPLICIT_RETAIN_SELF = YES;
				CLANG_WARN_OBJC_LITERAL_CONVERSION = YES;
				CLANG_WARN_OBJC_ROOT_CLASS = YES_ERROR;
				CLANG_WARN_QUOTED_INCLUDE_IN_FRAMEWORK_HEADER = YES;
				CLANG_WARN_RANGE_LOOP_ANALYSIS = YES;
				CLANG_WARN_STRICT_PROTOTYPES = YES;
				CLANG_WARN_SUSPICIOUS_MOVE = YES;
				CLANG_WARN_UNGUARDED_AVAILABILITY = YES_AGGRESSIVE;
				CLANG_WARN_UNREACHABLE_CODE = YES;
				CLANG_WARN__DUPLICATE_METHOD_MATCH = YES;
				COPY_PHASE_STRIP = NO;
				DEBUG_INFORMATION_FORMAT = "dwarf-with-dsym";
				ENABLE_NS_ASSERTIONS = NO;
				ENABLE_STRICT_OBJC_MSGSEND = YES;
				GCC_C_LANGUAGE_STANDARD = gnu11;
				GCC_NO_COMMON_BLOCKS = YES;
				GCC_WARN_64_TO_32_BIT_CONVERSION = YES;
				GCC_WARN_ABOUT_RETURN_TYPE = YES_ERROR;
				GCC_WARN_UNDECLARED_SELECTOR = YES;
				GCC_WARN_UNINITIALIZED_AUTOS = YES_AGGRESSIVE;
				GCC_WARN_UNUSED_FUNCTION = YES;
				GCC_WARN_UNUSED_VARIABLE = YES;
				IPHONEOS_DEPLOYMENT_TARGET = 14.4;
				MTL_ENABLE_DEBUG_INFO = NO;
				MTL_FAST_MATH = YES;
				SDKROOT = iphoneos;
				SWIFT_COMPILATION_MODE = wholemodule;
				SWIFT_OPTIMIZATION_LEVEL = "-O";
				VALIDATE_PRODUCT = YES;
			};
			name = Release;
		};
		4288CFEB27DCD42F00316D96 /* Debug */ = {
			isa = XCBuildConfiguration;
			buildSettings = {
				ASSETCATALOG_COMPILER_APPICON_NAME = AppIcon;
				ASSETCATALOG_COMPILER_GLOBAL_ACCENT_COLOR_NAME = AccentColor;
				CODE_SIGN_STYLE = Automatic;
				DEVELOPMENT_TEAM = AAU9QPH2F2;
				INFOPLIST_FILE = LearnWordle/Info.plist;
				IPHONEOS_DEPLOYMENT_TARGET = 13.0;
				LD_RUNPATH_SEARCH_PATHS = (
					"$(inherited)",
					"@executable_path/Frameworks",
				);
				PRODUCT_BUNDLE_IDENTIFIER = HieuTong.LearnWordle;
				PRODUCT_NAME = "$(TARGET_NAME)";
				SWIFT_VERSION = 4.2;
				TARGETED_DEVICE_FAMILY = "1,2";
			};
			name = Debug;
		};
		4288CFEC27DCD42F00316D96 /* Release */ = {
			isa = XCBuildConfiguration;
			buildSettings = {
				ASSETCATALOG_COMPILER_APPICON_NAME = AppIcon;
				ASSETCATALOG_COMPILER_GLOBAL_ACCENT_COLOR_NAME = AccentColor;
				CODE_SIGN_STYLE = Automatic;
				DEVELOPMENT_TEAM = AAU9QPH2F2;
				INFOPLIST_FILE = LearnWordle/Info.plist;
				IPHONEOS_DEPLOYMENT_TARGET = 13.0;
				LD_RUNPATH_SEARCH_PATHS = (
					"$(inherited)",
					"@executable_path/Frameworks",
				);
				PRODUCT_BUNDLE_IDENTIFIER = HieuTong.LearnWordle;
				PRODUCT_NAME = "$(TARGET_NAME)";
				SWIFT_VERSION = 4.2;
				TARGETED_DEVICE_FAMILY = "1,2";
			};
			name = Release;
		};
/* End XCBuildConfiguration section */

/* Begin XCConfigurationList section */
		421F6CB82803ECE00020FE71 /* Build configuration list for PBXNativeTarget "LearnWordleTests" */ = {
			isa = XCConfigurationList;
			buildConfigurations = (
				421F6CB62803ECE00020FE71 /* Debug */,
				421F6CB72803ECE00020FE71 /* Release */,
			);
			defaultConfigurationIsVisible = 0;
			defaultConfigurationName = Release;
		};
		4288CFD127DCD42600316D96 /* Build configuration list for PBXProject "LearnWordle" */ = {
			isa = XCConfigurationList;
			buildConfigurations = (
				4288CFE827DCD42F00316D96 /* Debug */,
				4288CFE927DCD42F00316D96 /* Release */,
			);
			defaultConfigurationIsVisible = 0;
			defaultConfigurationName = Release;
		};
		4288CFEA27DCD42F00316D96 /* Build configuration list for PBXNativeTarget "LearnWordle" */ = {
			isa = XCConfigurationList;
			buildConfigurations = (
				4288CFEB27DCD42F00316D96 /* Debug */,
				4288CFEC27DCD42F00316D96 /* Release */,
			);
			defaultConfigurationIsVisible = 0;
			defaultConfigurationName = Release;
		};
/* End XCConfigurationList section */
	};
	rootObject = 4288CFCE27DCD42600316D96 /* Project object */;
}
